
Microsoft Visual Studio Solution File, Format Version 12.00
# Visual Studio Version 17
VisualStudioVersion = 17.4.33205.214
MinimumVisualStudioVersion = 10.0.40219.1
Project("{FAE04EC0-301F-11D3-BF4B-00C04F79EFBC}") = "FoodApi", "FoodApi\FoodApi.csproj", "{072E1490-820D-4A0C-9EB0-AA4266CB9531}"
EndProject
Project("{FAE04EC0-301F-11D3-BF4B-00C04F79EFBC}") = "UnitTests", "UnitTests\UnitTests.csproj", "{D5289946-08A6-4B23-9B1C-66AD0505DD56}"
EndProject
Global
	GlobalSection(SolutionConfigurationPlatforms) = preSolution
		Debug|Any CPU = Debug|Any CPU
		Release|Any CPU = Release|Any CPU
	EndGlobalSection
	GlobalSection(ProjectConfigurationPlatforms) = postSolution
		{072E1490-820D-4A0C-9EB0-AA4266CB9531}.Debug|Any CPU.ActiveCfg = Debug|Any CPU
		{072E1490-820D-4A0C-9EB0-AA4266CB9531}.Debug|Any CPU.Build.0 = Debug|Any CPU
		{072E1490-820D-4A0C-9EB0-AA4266CB9531}.Release|Any CPU.ActiveCfg = Release|Any CPU
		{072E1490-820D-4A0C-9EB0-AA4266CB9531}.Release|Any CPU.Build.0 = Release|Any CPU
		{D5289946-08A6-4B23-9B1C-66AD0505DD56}.Debug|Any CPU.ActiveCfg = Debug|Any CPU
		{D5289946-08A6-4B23-9B1C-66AD0505DD56}.Debug|Any CPU.Build.0 = Debug|Any CPU
		{D5289946-08A6-4B23-9B1C-66AD0505DD56}.Release|Any CPU.ActiveCfg = Release|Any CPU
		{D5289946-08A6-4B23-9B1C-66AD0505DD56}.Release|Any CPU.Build.0 = Release|Any CPU
	EndGlobalSection
	GlobalSection(SolutionProperties) = preSolution
		HideSolutionNode = FALSE
	EndGlobalSection
	GlobalSection(ExtensibilityGlobals) = postSolution
		SolutionGuid = {1567CE46-CE17-4699-85BC-0895F487A1BB}
	EndGlobalSection
EndGlobal
